# THIS IS AN AUTOGENERATED FILE. DO NOT EDIT THIS FILE DIRECTLY.
# yarn lockfile v1


highcharts@^9.3.1:
  version "9.3.1"
  resolved "https://registry.yarnpkg.com/highcharts/-/highcharts-9.3.1.tgz#dbeb39c2e5b298b02ccc459103f5f1c8daea1264"
  integrity sha512-T5BjvY2CDtqlKRbid1Jd22psBp8tV9+7fm+x7h+EZuXF0OVDLR5128sRuC6WCWVss4cTVzS6PKnlnXKfYskIhw==
